Microsoft Visual Studio Solution File, Format Version 8.00
Project("{8BC9CEB8-8B4A-11D0-8D11-00A0C91BC942}") = "BugTrap", "BugTrap\BugTrap.vcproj", "{649F96C2-4F95-49F4-94ED-50AFFABB6A5E}"
	ProjectSection(ProjectDependencies) = postProject
	EndProjectSection
EndProject
Project("{8BC9CEB8-8B4A-11D0-8D11-00A0C91BC942}") = "Lib_Client", "Lib_Client\Lib_Client.vcproj", "{48C5F730-9C88-401B-BD25-6F2C100B5064}"
	ProjectSection(ProjectDependencies) = postProject
	EndProjectSection
EndProject
Project("{8BC9CEB8-8B4A-11D0-8D11-00A0C91BC942}") = "Lib_ClientUI", "Lib_ClientUI\Lib_ClientUI.vcproj", "{07CE590D-8516-4147-87D1-8E1CCD79E73E}"
	ProjectSection(ProjectDependencies) = postProject
	EndProjectSection
EndProject
Project("{8BC9CEB8-8B4A-11D0-8D11-00A0C91BC942}") = "Lib_Engine", "Lib_Engine\Lib_Engine.vcproj", "{27341A10-337A-4CC7-874D-E55FED7F6969}"
	ProjectSection(ProjectDependencies) = postProject
	EndProjectSection
EndProject
Project("{8BC9CEB8-8B4A-11D0-8D11-00A0C91BC942}") = "Lib_Helper", "Lib_Helper\Lib_Helper.vcproj", "{FC0C5787-ACBD-4DAD-8AED-F327AF24FD07}"
	ProjectSection(ProjectDependencies) = postProject
	EndProjectSection
EndProject
Project("{8BC9CEB8-8B4A-11D0-8D11-00A0C91BC942}") = "Lib_Network", "Lib_Network\Lib_Network.vcproj", "{4A8F6FCA-EBCD-476A-8A27-023178EA2F73}"
	ProjectSection(ProjectDependencies) = postProject
	EndProjectSection
EndProject
Project("{8BC9CEB8-8B4A-11D0-8D11-00A0C91BC942}") = "GameEmulator", "GameEmulator\GameEmulator.vcproj", "{6A1427BA-28B6-4D51-855B-8C51DEFF2F63}"
	ProjectSection(ProjectDependencies) = postProject
		{07CE590D-8516-4147-87D1-8E1CCD79E73E} = {07CE590D-8516-4147-87D1-8E1CCD79E73E}
		{27341A10-337A-4CC7-874D-E55FED7F6969} = {27341A10-337A-4CC7-874D-E55FED7F6969}
		{48C5F730-9C88-401B-BD25-6F2C100B5064} = {48C5F730-9C88-401B-BD25-6F2C100B5064}
		{FC0C5787-ACBD-4DAD-8AED-F327AF24FD07} = {FC0C5787-ACBD-4DAD-8AED-F327AF24FD07}
		{649F96C2-4F95-49F4-94ED-50AFFABB6A5E} = {649F96C2-4F95-49F4-94ED-50AFFABB6A5E}
		{4A8F6FCA-EBCD-476A-8A27-023178EA2F73} = {4A8F6FCA-EBCD-476A-8A27-023178EA2F73}
	EndProjectSection
EndProject
Project("{8BC9CEB8-8B4A-11D0-8D11-00A0C91BC942}") = "EditorText", "EditorText\EditorText.vcproj", "{E15A7173-27D2-4768-8BAB-0B5AA4638D73}"
	ProjectSection(ProjectDependencies) = postProject
		{27341A10-337A-4CC7-874D-E55FED7F6969} = {27341A10-337A-4CC7-874D-E55FED7F6969}
	EndProjectSection
EndProject
Project("{8BC9CEB8-8B4A-11D0-8D11-00A0C91BC942}") = "GameClient", "GameClient\GameClient.vcproj", "{590FC80A-E2EE-442B-8469-5C328D878426}"
	ProjectSection(ProjectDependencies) = postProject
		{07CE590D-8516-4147-87D1-8E1CCD79E73E} = {07CE590D-8516-4147-87D1-8E1CCD79E73E}
		{27341A10-337A-4CC7-874D-E55FED7F6969} = {27341A10-337A-4CC7-874D-E55FED7F6969}
		{48C5F730-9C88-401B-BD25-6F2C100B5064} = {48C5F730-9C88-401B-BD25-6F2C100B5064}
		{FC0C5787-ACBD-4DAD-8AED-F327AF24FD07} = {FC0C5787-ACBD-4DAD-8AED-F327AF24FD07}
		{649F96C2-4F95-49F4-94ED-50AFFABB6A5E} = {649F96C2-4F95-49F4-94ED-50AFFABB6A5E}
		{4A8F6FCA-EBCD-476A-8A27-023178EA2F73} = {4A8F6FCA-EBCD-476A-8A27-023178EA2F73}
	EndProjectSection
EndProject
Project("{8BC9CEB8-8B4A-11D0-8D11-00A0C91BC942}") = "ServerGame", "GameClient2\GameClient2.vcproj", "{795FA393-F333-45CC-81BB-8EBDF799F5A6}"
	ProjectSection(ProjectDependencies) = postProject
		{07CE590D-8516-4147-87D1-8E1CCD79E73E} = {07CE590D-8516-4147-87D1-8E1CCD79E73E}
		{27341A10-337A-4CC7-874D-E55FED7F6969} = {27341A10-337A-4CC7-874D-E55FED7F6969}
		{48C5F730-9C88-401B-BD25-6F2C100B5064} = {48C5F730-9C88-401B-BD25-6F2C100B5064}
		{FC0C5787-ACBD-4DAD-8AED-F327AF24FD07} = {FC0C5787-ACBD-4DAD-8AED-F327AF24FD07}
		{649F96C2-4F95-49F4-94ED-50AFFABB6A5E} = {649F96C2-4F95-49F4-94ED-50AFFABB6A5E}
		{4A8F6FCA-EBCD-476A-8A27-023178EA2F73} = {4A8F6FCA-EBCD-476A-8A27-023178EA2F73}
	EndProjectSection
EndProject
Project("{8BC9CEB8-8B4A-11D0-8D11-00A0C91BC942}") = "ServerSession", "ServerSession\ServerSession.vcproj", "{86A94370-086D-4EE1-B83A-165A8097C275}"
	ProjectSection(ProjectDependencies) = postProject
		{07CE590D-8516-4147-87D1-8E1CCD79E73E} = {07CE590D-8516-4147-87D1-8E1CCD79E73E}
		{27341A10-337A-4CC7-874D-E55FED7F6969} = {27341A10-337A-4CC7-874D-E55FED7F6969}
		{48C5F730-9C88-401B-BD25-6F2C100B5064} = {48C5F730-9C88-401B-BD25-6F2C100B5064}
		{FC0C5787-ACBD-4DAD-8AED-F327AF24FD07} = {FC0C5787-ACBD-4DAD-8AED-F327AF24FD07}
		{649F96C2-4F95-49F4-94ED-50AFFABB6A5E} = {649F96C2-4F95-49F4-94ED-50AFFABB6A5E}
		{4A8F6FCA-EBCD-476A-8A27-023178EA2F73} = {4A8F6FCA-EBCD-476A-8A27-023178EA2F73}
	EndProjectSection
EndProject
Project("{8BC9CEB8-8B4A-11D0-8D11-00A0C91BC942}") = "ServerLogin", "ServerLogin\ServerLogin.vcproj", "{BCF775D2-831D-4647-ABD5-02B282CA0ACA}"
	ProjectSection(ProjectDependencies) = postProject
		{07CE590D-8516-4147-87D1-8E1CCD79E73E} = {07CE590D-8516-4147-87D1-8E1CCD79E73E}
		{27341A10-337A-4CC7-874D-E55FED7F6969} = {27341A10-337A-4CC7-874D-E55FED7F6969}
		{48C5F730-9C88-401B-BD25-6F2C100B5064} = {48C5F730-9C88-401B-BD25-6F2C100B5064}
		{FC0C5787-ACBD-4DAD-8AED-F327AF24FD07} = {FC0C5787-ACBD-4DAD-8AED-F327AF24FD07}
		{649F96C2-4F95-49F4-94ED-50AFFABB6A5E} = {649F96C2-4F95-49F4-94ED-50AFFABB6A5E}
		{4A8F6FCA-EBCD-476A-8A27-023178EA2F73} = {4A8F6FCA-EBCD-476A-8A27-023178EA2F73}
	EndProjectSection
EndProject
Project("{8BC9CEB8-8B4A-11D0-8D11-00A0C91BC942}") = "ServerField", "ServerField\ServerField.vcproj", "{D7D4C861-3C19-43E5-8398-7B3A72CCCC9D}"
	ProjectSection(ProjectDependencies) = postProject
		{07CE590D-8516-4147-87D1-8E1CCD79E73E} = {07CE590D-8516-4147-87D1-8E1CCD79E73E}
		{27341A10-337A-4CC7-874D-E55FED7F6969} = {27341A10-337A-4CC7-874D-E55FED7F6969}
		{48C5F730-9C88-401B-BD25-6F2C100B5064} = {48C5F730-9C88-401B-BD25-6F2C100B5064}
		{FC0C5787-ACBD-4DAD-8AED-F327AF24FD07} = {FC0C5787-ACBD-4DAD-8AED-F327AF24FD07}
		{649F96C2-4F95-49F4-94ED-50AFFABB6A5E} = {649F96C2-4F95-49F4-94ED-50AFFABB6A5E}
		{4A8F6FCA-EBCD-476A-8A27-023178EA2F73} = {4A8F6FCA-EBCD-476A-8A27-023178EA2F73}
	EndProjectSection
EndProject
Project("{8BC9CEB8-8B4A-11D0-8D11-00A0C91BC942}") = "ServerAgent", "ServerAgent\ServerAgent.vcproj", "{C69DF8AC-CB70-412D-981A-9803C2556BBB}"
	ProjectSection(ProjectDependencies) = postProject
		{07CE590D-8516-4147-87D1-8E1CCD79E73E} = {07CE590D-8516-4147-87D1-8E1CCD79E73E}
		{27341A10-337A-4CC7-874D-E55FED7F6969} = {27341A10-337A-4CC7-874D-E55FED7F6969}
		{48C5F730-9C88-401B-BD25-6F2C100B5064} = {48C5F730-9C88-401B-BD25-6F2C100B5064}
		{FC0C5787-ACBD-4DAD-8AED-F327AF24FD07} = {FC0C5787-ACBD-4DAD-8AED-F327AF24FD07}
		{649F96C2-4F95-49F4-94ED-50AFFABB6A5E} = {649F96C2-4F95-49F4-94ED-50AFFABB6A5E}
		{4A8F6FCA-EBCD-476A-8A27-023178EA2F73} = {4A8F6FCA-EBCD-476A-8A27-023178EA2F73}
	EndProjectSection
EndProject
Project("{8BC9CEB8-8B4A-11D0-8D11-00A0C91BC942}") = "EditorItem", "EditorItem\EditorItem.vcproj", "{918B51EC-39C3-4DA0-BC1B-9DE5EB72856E}"
	ProjectSection(ProjectDependencies) = postProject
		{07CE590D-8516-4147-87D1-8E1CCD79E73E} = {07CE590D-8516-4147-87D1-8E1CCD79E73E}
		{27341A10-337A-4CC7-874D-E55FED7F6969} = {27341A10-337A-4CC7-874D-E55FED7F6969}
		{48C5F730-9C88-401B-BD25-6F2C100B5064} = {48C5F730-9C88-401B-BD25-6F2C100B5064}
		{FC0C5787-ACBD-4DAD-8AED-F327AF24FD07} = {FC0C5787-ACBD-4DAD-8AED-F327AF24FD07}
		{649F96C2-4F95-49F4-94ED-50AFFABB6A5E} = {649F96C2-4F95-49F4-94ED-50AFFABB6A5E}
		{4A8F6FCA-EBCD-476A-8A27-023178EA2F73} = {4A8F6FCA-EBCD-476A-8A27-023178EA2F73}
	EndProjectSection
EndProject
Project("{8BC9CEB8-8B4A-11D0-8D11-00A0C91BC942}") = "EditorSkill", "EditorSkill\EditorSkill.vcproj", "{12095BA4-6F2D-4290-9A9B-51B80D0ED838}"
	ProjectSection(ProjectDependencies) = postProject
		{07CE590D-8516-4147-87D1-8E1CCD79E73E} = {07CE590D-8516-4147-87D1-8E1CCD79E73E}
		{27341A10-337A-4CC7-874D-E55FED7F6969} = {27341A10-337A-4CC7-874D-E55FED7F6969}
		{48C5F730-9C88-401B-BD25-6F2C100B5064} = {48C5F730-9C88-401B-BD25-6F2C100B5064}
		{FC0C5787-ACBD-4DAD-8AED-F327AF24FD07} = {FC0C5787-ACBD-4DAD-8AED-F327AF24FD07}
		{649F96C2-4F95-49F4-94ED-50AFFABB6A5E} = {649F96C2-4F95-49F4-94ED-50AFFABB6A5E}
		{4A8F6FCA-EBCD-476A-8A27-023178EA2F73} = {4A8F6FCA-EBCD-476A-8A27-023178EA2F73}
	EndProjectSection
EndProject
Project("{8BC9CEB8-8B4A-11D0-8D11-00A0C91BC942}") = "EditorMobNpc", "EditorMobNpc\EditorMobNpc.vcproj", "{29F722F3-CF0E-4471-8A0F-353C1A017AF2}"
	ProjectSection(ProjectDependencies) = postProject
		{07CE590D-8516-4147-87D1-8E1CCD79E73E} = {07CE590D-8516-4147-87D1-8E1CCD79E73E}
		{27341A10-337A-4CC7-874D-E55FED7F6969} = {27341A10-337A-4CC7-874D-E55FED7F6969}
		{48C5F730-9C88-401B-BD25-6F2C100B5064} = {48C5F730-9C88-401B-BD25-6F2C100B5064}
		{FC0C5787-ACBD-4DAD-8AED-F327AF24FD07} = {FC0C5787-ACBD-4DAD-8AED-F327AF24FD07}
		{649F96C2-4F95-49F4-94ED-50AFFABB6A5E} = {649F96C2-4F95-49F4-94ED-50AFFABB6A5E}
		{4A8F6FCA-EBCD-476A-8A27-023178EA2F73} = {4A8F6FCA-EBCD-476A-8A27-023178EA2F73}
	EndProjectSection
EndProject
Project("{8BC9CEB8-8B4A-11D0-8D11-00A0C91BC942}") = "EditorNpcAction", "EditorNpcAction\EditorNpcAction.vcproj", "{EFA985D2-BF62-4631-86B8-76220188E616}"
	ProjectSection(ProjectDependencies) = postProject
		{07CE590D-8516-4147-87D1-8E1CCD79E73E} = {07CE590D-8516-4147-87D1-8E1CCD79E73E}
		{27341A10-337A-4CC7-874D-E55FED7F6969} = {27341A10-337A-4CC7-874D-E55FED7F6969}
		{48C5F730-9C88-401B-BD25-6F2C100B5064} = {48C5F730-9C88-401B-BD25-6F2C100B5064}
		{FC0C5787-ACBD-4DAD-8AED-F327AF24FD07} = {FC0C5787-ACBD-4DAD-8AED-F327AF24FD07}
		{649F96C2-4F95-49F4-94ED-50AFFABB6A5E} = {649F96C2-4F95-49F4-94ED-50AFFABB6A5E}
		{4A8F6FCA-EBCD-476A-8A27-023178EA2F73} = {4A8F6FCA-EBCD-476A-8A27-023178EA2F73}
	EndProjectSection
EndProject
Project("{8BC9CEB8-8B4A-11D0-8D11-00A0C91BC942}") = "EditorQuest", "EditorQuest\EditorQuest.vcproj", "{3BE3BE51-D4FE-42CD-839C-9046B827B30B}"
	ProjectSection(ProjectDependencies) = postProject
		{07CE590D-8516-4147-87D1-8E1CCD79E73E} = {07CE590D-8516-4147-87D1-8E1CCD79E73E}
		{27341A10-337A-4CC7-874D-E55FED7F6969} = {27341A10-337A-4CC7-874D-E55FED7F6969}
		{48C5F730-9C88-401B-BD25-6F2C100B5064} = {48C5F730-9C88-401B-BD25-6F2C100B5064}
		{FC0C5787-ACBD-4DAD-8AED-F327AF24FD07} = {FC0C5787-ACBD-4DAD-8AED-F327AF24FD07}
		{649F96C2-4F95-49F4-94ED-50AFFABB6A5E} = {649F96C2-4F95-49F4-94ED-50AFFABB6A5E}
		{4A8F6FCA-EBCD-476A-8A27-023178EA2F73} = {4A8F6FCA-EBCD-476A-8A27-023178EA2F73}
	EndProjectSection
EndProject
Project("{8BC9CEB8-8B4A-11D0-8D11-00A0C91BC942}") = "EditorLevel", "EditorLevel\EditorLevel.vcproj", "{F03A1F52-06A2-43D7-B8D4-7952EC6C94A9}"
	ProjectSection(ProjectDependencies) = postProject
		{07CE590D-8516-4147-87D1-8E1CCD79E73E} = {07CE590D-8516-4147-87D1-8E1CCD79E73E}
		{27341A10-337A-4CC7-874D-E55FED7F6969} = {27341A10-337A-4CC7-874D-E55FED7F6969}
		{48C5F730-9C88-401B-BD25-6F2C100B5064} = {48C5F730-9C88-401B-BD25-6F2C100B5064}
		{FC0C5787-ACBD-4DAD-8AED-F327AF24FD07} = {FC0C5787-ACBD-4DAD-8AED-F327AF24FD07}
		{649F96C2-4F95-49F4-94ED-50AFFABB6A5E} = {649F96C2-4F95-49F4-94ED-50AFFABB6A5E}
		{4A8F6FCA-EBCD-476A-8A27-023178EA2F73} = {4A8F6FCA-EBCD-476A-8A27-023178EA2F73}
	EndProjectSection
EndProject
Project("{8BC9CEB8-8B4A-11D0-8D11-00A0C91BC942}") = "EditorSkinPiece", "EditorSkinPiece\EditorSkinPiece.vcproj", "{C3B88659-228D-4175-A446-1A2BC0898D49}"
	ProjectSection(ProjectDependencies) = postProject
		{07CE590D-8516-4147-87D1-8E1CCD79E73E} = {07CE590D-8516-4147-87D1-8E1CCD79E73E}
		{27341A10-337A-4CC7-874D-E55FED7F6969} = {27341A10-337A-4CC7-874D-E55FED7F6969}
		{48C5F730-9C88-401B-BD25-6F2C100B5064} = {48C5F730-9C88-401B-BD25-6F2C100B5064}
		{FC0C5787-ACBD-4DAD-8AED-F327AF24FD07} = {FC0C5787-ACBD-4DAD-8AED-F327AF24FD07}
		{649F96C2-4F95-49F4-94ED-50AFFABB6A5E} = {649F96C2-4F95-49F4-94ED-50AFFABB6A5E}
		{4A8F6FCA-EBCD-476A-8A27-023178EA2F73} = {4A8F6FCA-EBCD-476A-8A27-023178EA2F73}
	EndProjectSection
EndProject
Project("{8BC9CEB8-8B4A-11D0-8D11-00A0C91BC942}") = "EditorSkinChar", "EditorSkinChar\EditorSkinChar.vcproj", "{65BC0BF2-6656-45D1-855E-EB8F16458FB7}"
	ProjectSection(ProjectDependencies) = postProject
		{07CE590D-8516-4147-87D1-8E1CCD79E73E} = {07CE590D-8516-4147-87D1-8E1CCD79E73E}
		{27341A10-337A-4CC7-874D-E55FED7F6969} = {27341A10-337A-4CC7-874D-E55FED7F6969}
		{48C5F730-9C88-401B-BD25-6F2C100B5064} = {48C5F730-9C88-401B-BD25-6F2C100B5064}
		{FC0C5787-ACBD-4DAD-8AED-F327AF24FD07} = {FC0C5787-ACBD-4DAD-8AED-F327AF24FD07}
		{649F96C2-4F95-49F4-94ED-50AFFABB6A5E} = {649F96C2-4F95-49F4-94ED-50AFFABB6A5E}
		{4A8F6FCA-EBCD-476A-8A27-023178EA2F73} = {4A8F6FCA-EBCD-476A-8A27-023178EA2F73}
	EndProjectSection
EndProject
Project("{8BC9CEB8-8B4A-11D0-8D11-00A0C91BC942}") = "FileCrypt", "FileCrypt\FileCrypt.vcproj", "{2E62027E-53E5-4ADA-8AFD-8E94F3081AA1}"
	ProjectSection(ProjectDependencies) = postProject
		{27341A10-337A-4CC7-874D-E55FED7F6969} = {27341A10-337A-4CC7-874D-E55FED7F6969}
		{FC0C5787-ACBD-4DAD-8AED-F327AF24FD07} = {FC0C5787-ACBD-4DAD-8AED-F327AF24FD07}
		{649F96C2-4F95-49F4-94ED-50AFFABB6A5E} = {649F96C2-4F95-49F4-94ED-50AFFABB6A5E}
	EndProjectSection
EndProject
Project("{8BC9CEB8-8B4A-11D0-8D11-00A0C91BC942}") = "GameViewer", "GameViewer\GameViewer.vcproj", "{C784EF8A-2CC2-4F10-AA72-C86709AC3358}"
	ProjectSection(ProjectDependencies) = postProject
		{07CE590D-8516-4147-87D1-8E1CCD79E73E} = {07CE590D-8516-4147-87D1-8E1CCD79E73E}
		{27341A10-337A-4CC7-874D-E55FED7F6969} = {27341A10-337A-4CC7-874D-E55FED7F6969}
		{48C5F730-9C88-401B-BD25-6F2C100B5064} = {48C5F730-9C88-401B-BD25-6F2C100B5064}
		{FC0C5787-ACBD-4DAD-8AED-F327AF24FD07} = {FC0C5787-ACBD-4DAD-8AED-F327AF24FD07}
		{649F96C2-4F95-49F4-94ED-50AFFABB6A5E} = {649F96C2-4F95-49F4-94ED-50AFFABB6A5E}
		{4A8F6FCA-EBCD-476A-8A27-023178EA2F73} = {4A8F6FCA-EBCD-476A-8A27-023178EA2F73}
	EndProjectSection
EndProject
Project("{8BC9CEB8-8B4A-11D0-8D11-00A0C91BC942}") = "GMTool", "GMTool\GMTool.vcproj", "{6C0CBB63-CBD7-4AB2-B372-D927998E3218}"
	ProjectSection(ProjectDependencies) = postProject
		{07CE590D-8516-4147-87D1-8E1CCD79E73E} = {07CE590D-8516-4147-87D1-8E1CCD79E73E}
		{27341A10-337A-4CC7-874D-E55FED7F6969} = {27341A10-337A-4CC7-874D-E55FED7F6969}
		{48C5F730-9C88-401B-BD25-6F2C100B5064} = {48C5F730-9C88-401B-BD25-6F2C100B5064}
		{FC0C5787-ACBD-4DAD-8AED-F327AF24FD07} = {FC0C5787-ACBD-4DAD-8AED-F327AF24FD07}
		{649F96C2-4F95-49F4-94ED-50AFFABB6A5E} = {649F96C2-4F95-49F4-94ED-50AFFABB6A5E}
		{4A8F6FCA-EBCD-476A-8A27-023178EA2F73} = {4A8F6FCA-EBCD-476A-8A27-023178EA2F73}
	EndProjectSection
EndProject
Project("{8BC9CEB8-8B4A-11D0-8D11-00A0C91BC942}") = "EditorItemMix", "EditorItemMix\EditorItemMix.vcproj", "{8A93E689-45ED-4B08-9024-CA9157CFC67C}"
	ProjectSection(ProjectDependencies) = postProject
		{07CE590D-8516-4147-87D1-8E1CCD79E73E} = {07CE590D-8516-4147-87D1-8E1CCD79E73E}
		{27341A10-337A-4CC7-874D-E55FED7F6969} = {27341A10-337A-4CC7-874D-E55FED7F6969}
		{48C5F730-9C88-401B-BD25-6F2C100B5064} = {48C5F730-9C88-401B-BD25-6F2C100B5064}
		{FC0C5787-ACBD-4DAD-8AED-F327AF24FD07} = {FC0C5787-ACBD-4DAD-8AED-F327AF24FD07}
		{649F96C2-4F95-49F4-94ED-50AFFABB6A5E} = {649F96C2-4F95-49F4-94ED-50AFFABB6A5E}
		{4A8F6FCA-EBCD-476A-8A27-023178EA2F73} = {4A8F6FCA-EBCD-476A-8A27-023178EA2F73}
	EndProjectSection
EndProject
Project("{8BC9CEB8-8B4A-11D0-8D11-00A0C91BC942}") = "EditorTaxi", "EditorTaxi\EditorTaxi.vcproj", "{5B651568-0B00-46C7-BAD3-E6944D094B82}"
	ProjectSection(ProjectDependencies) = postProject
		{07CE590D-8516-4147-87D1-8E1CCD79E73E} = {07CE590D-8516-4147-87D1-8E1CCD79E73E}
		{27341A10-337A-4CC7-874D-E55FED7F6969} = {27341A10-337A-4CC7-874D-E55FED7F6969}
		{48C5F730-9C88-401B-BD25-6F2C100B5064} = {48C5F730-9C88-401B-BD25-6F2C100B5064}
		{FC0C5787-ACBD-4DAD-8AED-F327AF24FD07} = {FC0C5787-ACBD-4DAD-8AED-F327AF24FD07}
		{649F96C2-4F95-49F4-94ED-50AFFABB6A5E} = {649F96C2-4F95-49F4-94ED-50AFFABB6A5E}
		{4A8F6FCA-EBCD-476A-8A27-023178EA2F73} = {4A8F6FCA-EBCD-476A-8A27-023178EA2F73}
	EndProjectSection
EndProject
Project("{8BC9CEB8-8B4A-11D0-8D11-00A0C91BC942}") = "EditorMapsList", "EditorMapsList\EditorMapsList.vcproj", "{1D765394-6E1A-40F2-BB90-2EB08B84A7A1}"
	ProjectSection(ProjectDependencies) = postProject
		{07CE590D-8516-4147-87D1-8E1CCD79E73E} = {07CE590D-8516-4147-87D1-8E1CCD79E73E}
		{27341A10-337A-4CC7-874D-E55FED7F6969} = {27341A10-337A-4CC7-874D-E55FED7F6969}
		{48C5F730-9C88-401B-BD25-6F2C100B5064} = {48C5F730-9C88-401B-BD25-6F2C100B5064}
		{FC0C5787-ACBD-4DAD-8AED-F327AF24FD07} = {FC0C5787-ACBD-4DAD-8AED-F327AF24FD07}
		{649F96C2-4F95-49F4-94ED-50AFFABB6A5E} = {649F96C2-4F95-49F4-94ED-50AFFABB6A5E}
		{4A8F6FCA-EBCD-476A-8A27-023178EA2F73} = {4A8F6FCA-EBCD-476A-8A27-023178EA2F73}
	EndProjectSection
EndProject
Project("{8BC9CEB8-8B4A-11D0-8D11-00A0C91BC942}") = "EditorActivity", "EditorActivity\EditorActivity.vcproj", "{50A62056-ABD8-4E9E-AC61-FDE76E995274}"
	ProjectSection(ProjectDependencies) = postProject
		{07CE590D-8516-4147-87D1-8E1CCD79E73E} = {07CE590D-8516-4147-87D1-8E1CCD79E73E}
		{27341A10-337A-4CC7-874D-E55FED7F6969} = {27341A10-337A-4CC7-874D-E55FED7F6969}
		{48C5F730-9C88-401B-BD25-6F2C100B5064} = {48C5F730-9C88-401B-BD25-6F2C100B5064}
		{FC0C5787-ACBD-4DAD-8AED-F327AF24FD07} = {FC0C5787-ACBD-4DAD-8AED-F327AF24FD07}
		{649F96C2-4F95-49F4-94ED-50AFFABB6A5E} = {649F96C2-4F95-49F4-94ED-50AFFABB6A5E}
		{4A8F6FCA-EBCD-476A-8A27-023178EA2F73} = {4A8F6FCA-EBCD-476A-8A27-023178EA2F73}
	EndProjectSection
EndProject
Project("{8BC9CEB8-8B4A-11D0-8D11-00A0C91BC942}") = "EditGenItem", "EditGenItem\EditGenItem.vcproj", "{CAF28A80-6511-4DA5-A270-3E7AD1A20BEB}"
	ProjectSection(ProjectDependencies) = postProject
	EndProjectSection
EndProject
Global
	GlobalSection(SolutionConfiguration) = preSolution
		Debug = Debug
		Release = Release
	EndGlobalSection
	GlobalSection(ProjectConfiguration) = postSolution
		{649F96C2-4F95-49F4-94ED-50AFFABB6A5E}.Debug.ActiveCfg = Debug|Win32
		{649F96C2-4F95-49F4-94ED-50AFFABB6A5E}.Debug.Build.0 = Debug|Win32
		{649F96C2-4F95-49F4-94ED-50AFFABB6A5E}.Release.ActiveCfg = Release|Win32
		{649F96C2-4F95-49F4-94ED-50AFFABB6A5E}.Release.Build.0 = Release|Win32
		{48C5F730-9C88-401B-BD25-6F2C100B5064}.Debug.ActiveCfg = Debug|Win32
		{48C5F730-9C88-401B-BD25-6F2C100B5064}.Debug.Build.0 = Debug|Win32
		{48C5F730-9C88-401B-BD25-6F2C100B5064}.Release.ActiveCfg = Release|Win32
		{48C5F730-9C88-401B-BD25-6F2C100B5064}.Release.Build.0 = Release|Win32
		{07CE590D-8516-4147-87D1-8E1CCD79E73E}.Debug.ActiveCfg = Debug|Win32
		{07CE590D-8516-4147-87D1-8E1CCD79E73E}.Debug.Build.0 = Debug|Win32
		{07CE590D-8516-4147-87D1-8E1CCD79E73E}.Release.ActiveCfg = Release|Win32
		{07CE590D-8516-4147-87D1-8E1CCD79E73E}.Release.Build.0 = Release|Win32
		{27341A10-337A-4CC7-874D-E55FED7F6969}.Debug.ActiveCfg = Debug|Win32
		{27341A10-337A-4CC7-874D-E55FED7F6969}.Debug.Build.0 = Debug|Win32
		{27341A10-337A-4CC7-874D-E55FED7F6969}.Release.ActiveCfg = Release|Win32
		{27341A10-337A-4CC7-874D-E55FED7F6969}.Release.Build.0 = Release|Win32
		{FC0C5787-ACBD-4DAD-8AED-F327AF24FD07}.Debug.ActiveCfg = Debug|Win32
		{FC0C5787-ACBD-4DAD-8AED-F327AF24FD07}.Debug.Build.0 = Debug|Win32
		{FC0C5787-ACBD-4DAD-8AED-F327AF24FD07}.Release.ActiveCfg = Release|Win32
		{FC0C5787-ACBD-4DAD-8AED-F327AF24FD07}.Release.Build.0 = Release|Win32
		{4A8F6FCA-EBCD-476A-8A27-023178EA2F73}.Debug.ActiveCfg = Debug|Win32
		{4A8F6FCA-EBCD-476A-8A27-023178EA2F73}.Debug.Build.0 = Debug|Win32
		{4A8F6FCA-EBCD-476A-8A27-023178EA2F73}.Release.ActiveCfg = Release|Win32
		{4A8F6FCA-EBCD-476A-8A27-023178EA2F73}.Release.Build.0 = Release|Win32
		{6A1427BA-28B6-4D51-855B-8C51DEFF2F63}.Debug.ActiveCfg = Debug|Win32
		{6A1427BA-28B6-4D51-855B-8C51DEFF2F63}.Debug.Build.0 = Debug|Win32
		{6A1427BA-28B6-4D51-855B-8C51DEFF2F63}.Release.ActiveCfg = Release|Win32
		{6A1427BA-28B6-4D51-855B-8C51DEFF2F63}.Release.Build.0 = Release|Win32
		{E15A7173-27D2-4768-8BAB-0B5AA4638D73}.Debug.ActiveCfg = Debug|Win32
		{E15A7173-27D2-4768-8BAB-0B5AA4638D73}.Debug.Build.0 = Debug|Win32
		{E15A7173-27D2-4768-8BAB-0B5AA4638D73}.Release.ActiveCfg = Release|Win32
		{E15A7173-27D2-4768-8BAB-0B5AA4638D73}.Release.Build.0 = Release|Win32
		{590FC80A-E2EE-442B-8469-5C328D878426}.Debug.ActiveCfg = Debug|Win32
		{590FC80A-E2EE-442B-8469-5C328D878426}.Debug.Build.0 = Debug|Win32
		{590FC80A-E2EE-442B-8469-5C328D878426}.Release.ActiveCfg = Release|Win32
		{590FC80A-E2EE-442B-8469-5C328D878426}.Release.Build.0 = Release|Win32
		{795FA393-F333-45CC-81BB-8EBDF799F5A6}.Debug.ActiveCfg = Debug|Win32
		{795FA393-F333-45CC-81BB-8EBDF799F5A6}.Debug.Build.0 = Debug|Win32
		{795FA393-F333-45CC-81BB-8EBDF799F5A6}.Release.ActiveCfg = Release|Win32
		{795FA393-F333-45CC-81BB-8EBDF799F5A6}.Release.Build.0 = Release|Win32
		{86A94370-086D-4EE1-B83A-165A8097C275}.Debug.ActiveCfg = Debug|Win32
		{86A94370-086D-4EE1-B83A-165A8097C275}.Debug.Build.0 = Debug|Win32
		{86A94370-086D-4EE1-B83A-165A8097C275}.Release.ActiveCfg = Release|Win32
		{86A94370-086D-4EE1-B83A-165A8097C275}.Release.Build.0 = Release|Win32
		{BCF775D2-831D-4647-ABD5-02B282CA0ACA}.Debug.ActiveCfg = Debug|Win32
		{BCF775D2-831D-4647-ABD5-02B282CA0ACA}.Debug.Build.0 = Debug|Win32
		{BCF775D2-831D-4647-ABD5-02B282CA0ACA}.Release.ActiveCfg = Release|Win32
		{BCF775D2-831D-4647-ABD5-02B282CA0ACA}.Release.Build.0 = Release|Win32
		{D7D4C861-3C19-43E5-8398-7B3A72CCCC9D}.Debug.ActiveCfg = Debug|Win32
		{D7D4C861-3C19-43E5-8398-7B3A72CCCC9D}.Debug.Build.0 = Debug|Win32
		{D7D4C861-3C19-43E5-8398-7B3A72CCCC9D}.Release.ActiveCfg = Release|Win32
		{D7D4C861-3C19-43E5-8398-7B3A72CCCC9D}.Release.Build.0 = Release|Win32
		{C69DF8AC-CB70-412D-981A-9803C2556BBB}.Debug.ActiveCfg = Debug|Win32
		{C69DF8AC-CB70-412D-981A-9803C2556BBB}.Debug.Build.0 = Debug|Win32
		{C69DF8AC-CB70-412D-981A-9803C2556BBB}.Release.ActiveCfg = Release|Win32
		{C69DF8AC-CB70-412D-981A-9803C2556BBB}.Release.Build.0 = Release|Win32
		{918B51EC-39C3-4DA0-BC1B-9DE5EB72856E}.Debug.ActiveCfg = Debug|Win32
		{918B51EC-39C3-4DA0-BC1B-9DE5EB72856E}.Debug.Build.0 = Debug|Win32
		{918B51EC-39C3-4DA0-BC1B-9DE5EB72856E}.Release.ActiveCfg = Release|Win32
		{918B51EC-39C3-4DA0-BC1B-9DE5EB72856E}.Release.Build.0 = Release|Win32
		{12095BA4-6F2D-4290-9A9B-51B80D0ED838}.Debug.ActiveCfg = Debug|Win32
		{12095BA4-6F2D-4290-9A9B-51B80D0ED838}.Debug.Build.0 = Debug|Win32
		{12095BA4-6F2D-4290-9A9B-51B80D0ED838}.Release.ActiveCfg = Release|Win32
		{12095BA4-6F2D-4290-9A9B-51B80D0ED838}.Release.Build.0 = Release|Win32
		{29F722F3-CF0E-4471-8A0F-353C1A017AF2}.Debug.ActiveCfg = Debug|Win32
		{29F722F3-CF0E-4471-8A0F-353C1A017AF2}.Debug.Build.0 = Debug|Win32
		{29F722F3-CF0E-4471-8A0F-353C1A017AF2}.Release.ActiveCfg = Release|Win32
		{29F722F3-CF0E-4471-8A0F-353C1A017AF2}.Release.Build.0 = Release|Win32
		{EFA985D2-BF62-4631-86B8-76220188E616}.Debug.ActiveCfg = Debug|Win32
		{EFA985D2-BF62-4631-86B8-76220188E616}.Debug.Build.0 = Debug|Win32
		{EFA985D2-BF62-4631-86B8-76220188E616}.Release.ActiveCfg = Release|Win32
		{EFA985D2-BF62-4631-86B8-76220188E616}.Release.Build.0 = Release|Win32
		{3BE3BE51-D4FE-42CD-839C-9046B827B30B}.Debug.ActiveCfg = Debug|Win32
		{3BE3BE51-D4FE-42CD-839C-9046B827B30B}.Debug.Build.0 = Debug|Win32
		{3BE3BE51-D4FE-42CD-839C-9046B827B30B}.Release.ActiveCfg = Release|Win32
		{3BE3BE51-D4FE-42CD-839C-9046B827B30B}.Release.Build.0 = Release|Win32
		{F03A1F52-06A2-43D7-B8D4-7952EC6C94A9}.Debug.ActiveCfg = Debug|Win32
		{F03A1F52-06A2-43D7-B8D4-7952EC6C94A9}.Debug.Build.0 = Debug|Win32
		{F03A1F52-06A2-43D7-B8D4-7952EC6C94A9}.Release.ActiveCfg = Release|Win32
		{F03A1F52-06A2-43D7-B8D4-7952EC6C94A9}.Release.Build.0 = Release|Win32
		{C3B88659-228D-4175-A446-1A2BC0898D49}.Debug.ActiveCfg = Debug|Win32
		{C3B88659-228D-4175-A446-1A2BC0898D49}.Debug.Build.0 = Debug|Win32
		{C3B88659-228D-4175-A446-1A2BC0898D49}.Release.ActiveCfg = Release|Win32
		{C3B88659-228D-4175-A446-1A2BC0898D49}.Release.Build.0 = Release|Win32
		{65BC0BF2-6656-45D1-855E-EB8F16458FB7}.Debug.ActiveCfg = Debug|Win32
		{65BC0BF2-6656-45D1-855E-EB8F16458FB7}.Debug.Build.0 = Debug|Win32
		{65BC0BF2-6656-45D1-855E-EB8F16458FB7}.Release.ActiveCfg = Release|Win32
		{65BC0BF2-6656-45D1-855E-EB8F16458FB7}.Release.Build.0 = Release|Win32
		{2E62027E-53E5-4ADA-8AFD-8E94F3081AA1}.Debug.ActiveCfg = Debug|Win32
		{2E62027E-53E5-4ADA-8AFD-8E94F3081AA1}.Debug.Build.0 = Debug|Win32
		{2E62027E-53E5-4ADA-8AFD-8E94F3081AA1}.Release.ActiveCfg = Release|Win32
		{2E62027E-53E5-4ADA-8AFD-8E94F3081AA1}.Release.Build.0 = Release|Win32
		{C784EF8A-2CC2-4F10-AA72-C86709AC3358}.Debug.ActiveCfg = Debug|Win32
		{C784EF8A-2CC2-4F10-AA72-C86709AC3358}.Debug.Build.0 = Debug|Win32
		{C784EF8A-2CC2-4F10-AA72-C86709AC3358}.Release.ActiveCfg = Release|Win32
		{C784EF8A-2CC2-4F10-AA72-C86709AC3358}.Release.Build.0 = Release|Win32
		{6C0CBB63-CBD7-4AB2-B372-D927998E3218}.Debug.ActiveCfg = Debug|Win32
		{6C0CBB63-CBD7-4AB2-B372-D927998E3218}.Debug.Build.0 = Debug|Win32
		{6C0CBB63-CBD7-4AB2-B372-D927998E3218}.Release.ActiveCfg = Release|Win32
		{6C0CBB63-CBD7-4AB2-B372-D927998E3218}.Release.Build.0 = Release|Win32
		{8A93E689-45ED-4B08-9024-CA9157CFC67C}.Debug.ActiveCfg = Debug|Win32
		{8A93E689-45ED-4B08-9024-CA9157CFC67C}.Debug.Build.0 = Debug|Win32
		{8A93E689-45ED-4B08-9024-CA9157CFC67C}.Release.ActiveCfg = Release|Win32
		{8A93E689-45ED-4B08-9024-CA9157CFC67C}.Release.Build.0 = Release|Win32
		{5B651568-0B00-46C7-BAD3-E6944D094B82}.Debug.ActiveCfg = Debug|Win32
		{5B651568-0B00-46C7-BAD3-E6944D094B82}.Debug.Build.0 = Debug|Win32
		{5B651568-0B00-46C7-BAD3-E6944D094B82}.Release.ActiveCfg = Release|Win32
		{5B651568-0B00-46C7-BAD3-E6944D094B82}.Release.Build.0 = Release|Win32
		{1D765394-6E1A-40F2-BB90-2EB08B84A7A1}.Debug.ActiveCfg = Debug|Win32
		{1D765394-6E1A-40F2-BB90-2EB08B84A7A1}.Debug.Build.0 = Debug|Win32
		{1D765394-6E1A-40F2-BB90-2EB08B84A7A1}.Release.ActiveCfg = Release|Win32
		{1D765394-6E1A-40F2-BB90-2EB08B84A7A1}.Release.Build.0 = Release|Win32
		{50A62056-ABD8-4E9E-AC61-FDE76E995274}.Debug.ActiveCfg = Debug|Win32
		{50A62056-ABD8-4E9E-AC61-FDE76E995274}.Debug.Build.0 = Debug|Win32
		{50A62056-ABD8-4E9E-AC61-FDE76E995274}.Release.ActiveCfg = Release|Win32
		{50A62056-ABD8-4E9E-AC61-FDE76E995274}.Release.Build.0 = Release|Win32
		{CAF28A80-6511-4DA5-A270-3E7AD1A20BEB}.Debug.ActiveCfg = Debug|Win32
		{CAF28A80-6511-4DA5-A270-3E7AD1A20BEB}.Debug.Build.0 = Debug|Win32
		{CAF28A80-6511-4DA5-A270-3E7AD1A20BEB}.Release.ActiveCfg = Release|Win32
	EndGlobalSection
	GlobalSection(SolutionItems) = postSolution
	EndGlobalSection
	GlobalSection(ExtensibilityGlobals) = postSolution
	EndGlobalSection
	GlobalSection(ExtensibilityAddIns) = postSolution
	EndGlobalSection
	GlobalSection(DPCodeReviewSolutionGUID) = preSolution
		DPCodeReviewSolutionGUID = {00000000-0000-0000-0000-000000000000}
	EndGlobalSection
EndGlobal
